// !$*UTF8*$!
{
	archiveVersion = 1;
	classes = {
	};
	objectVersion = 55;
	objects = {

/* Begin PBXBuildFile section */
		488D7AAD279EDCBF00D92696 /* EmailValidator+RegistrationService.swift in Sources */ = {isa = PBXBuildFile; fileRef = 488D7AAC279EDCBF00D92696 /* EmailValidator+RegistrationService.swift */; };
		8A52AA45279550D400234FC8 /* AppDelegate.swift in Sources */ = {isa = PBXBuildFile; fileRef = 8A52AA44279550D400234FC8 /* AppDelegate.swift */; };
		8A52AA47279550D400234FC8 /* SceneDelegate.swift in Sources */ = {isa = PBXBuildFile; fileRef = 8A52AA46279550D400234FC8 /* SceneDelegate.swift */; };
		8A52AA4E279550D800234FC8 /* Assets.xcassets in Resources */ = {isa = PBXBuildFile; fileRef = 8A52AA4D279550D800234FC8 /* Assets.xcassets */; };
		8A52AA51279550D800234FC8 /* LaunchScreen.storyboard in Resources */ = {isa = PBXBuildFile; fileRef = 8A52AA4F279550D800234FC8 /* LaunchScreen.storyboard */; };
		8A52AA5A2796EA7400234FC8 /* RegistrationFactory.swift in Sources */ = {isa = PBXBuildFile; fileRef = 8A52AA592796EA7300234FC8 /* RegistrationFactory.swift */; };
		8A52AA5D2796EF2800234FC8 /* Core in Frameworks */ = {isa = PBXBuildFile; productRef = 8A52AA5C2796EF2800234FC8 /* Core */; };
		8A52AA5F2796EF2800234FC8 /* LoginFeature in Frameworks */ = {isa = PBXBuildFile; productRef = 8A52AA5E2796EF2800234FC8 /* LoginFeature */; };
		8A52AA612796EF2800234FC8 /* Networking in Frameworks */ = {isa = PBXBuildFile; productRef = 8A52AA602796EF2800234FC8 /* Networking */; };
		8A52AA632796EF2800234FC8 /* Security in Frameworks */ = {isa = PBXBuildFile; productRef = 8A52AA622796EF2800234FC8 /* Security */; };
/* End PBXBuildFile section */

/* Begin PBXFileReference section */
		488D7AAC279EDCBF00D92696 /* EmailValidator+RegistrationService.swift */ = {isa = PBXFileReference; lastKnownFileType = sourcecode.swift; path = "EmailValidator+RegistrationService.swift"; sourceTree = "<group>"; };
		8A52AA41279550D400234FC8 /* CompositionDemo.app */ = {isa = PBXFileReference; explicitFileType = wrapper.application; includeInIndex = 0; path = CompositionDemo.app; sourceTree = BUILT_PRODUCTS_DIR; };
		8A52AA44279550D400234FC8 /* AppDelegate.swift */ = {isa = PBXFileReference; lastKnownFileType = sourcecode.swift; path = AppDelegate.swift; sourceTree = "<group>"; };
		8A52AA46279550D400234FC8 /* SceneDelegate.swift */ = {isa = PBXFileReference; lastKnownFileType = sourcecode.swift; path = SceneDelegate.swift; sourceTree = "<group>"; };
		8A52AA4D279550D800234FC8 /* Assets.xcassets */ = {isa = PBXFileReference; lastKnownFileType = folder.assetcatalog; path = Assets.xcassets; sourceTree = "<group>"; };
		8A52AA50279550D800234FC8 /* Base */ = {isa = PBXFileReference; lastKnownFileType = file.storyboard; name = Base; path = Base.lproj/LaunchScreen.storyboard; sourceTree = "<group>"; };
		8A52AA52279550D800234FC8 /* Info.plist */ = {isa = PBXFileReference; lastKnownFileType = text.plist.xml; path = Info.plist; sourceTree = "<group>"; };
		8A52AA582795DCF400234FC8 /* Modules */ = {isa = PBXFileReference; lastKnownFileType = folder; name = Modules; path = CompositionDemo/Modules; sourceTree = "<group>"; };
		8A52AA592796EA7300234FC8 /* RegistrationFactory.swift */ = {isa = PBXFileReference; lastKnownFileType = sourcecode.swift; path = RegistrationFactory.swift; sourceTree = "<group>"; };
/* End PBXFileReference section */

/* Begin PBXFrameworksBuildPhase section */
		8A52AA3E279550D400234FC8 /* Frameworks */ = {
			isa = PBXFrameworksBuildPhase;
			buildActionMask = 2147483647;
			files = (
				8A52AA632796EF2800234FC8 /* Security in Frameworks */,
				8A52AA612796EF2800234FC8 /* Networking in Frameworks */,
				8A52AA5D2796EF2800234FC8 /* Core in Frameworks */,
				8A52AA5F2796EF2800234FC8 /* LoginFeature in Frameworks */,
			);
			runOnlyForDeploymentPostprocessing = 0;
		};
/* End PBXFrameworksBuildPhase section */

/* Begin PBXGroup section */
		488D7AAB279EDC7700D92696 /* Registration Adapters */ = {
			isa = PBXGroup;
			children = (
				488D7AAC279EDCBF00D92696 /* EmailValidator+RegistrationService.swift */,
			);
			path = "Registration Adapters";
			sourceTree = "<group>";
		};
		8A52AA38279550D400234FC8 = {
			isa = PBXGroup;
			children = (
				8A52AA582795DCF400234FC8 /* Modules */,
				8A52AA43279550D400234FC8 /* CompositionDemo */,
				8A52AA42279550D400234FC8 /* Products */,
				8A52AA5B2796EF2800234FC8 /* Frameworks */,
			);
			sourceTree = "<group>";
		};
		8A52AA42279550D400234FC8 /* Products */ = {
			isa = PBXGroup;
			children = (
				8A52AA41279550D400234FC8 /* CompositionDemo.app */,
			);
			name = Products;
			sourceTree = "<group>";
		};
		8A52AA43279550D400234FC8 /* CompositionDemo */ = {
			isa = PBXGroup;
			children = (
				8A52AA44279550D400234FC8 /* AppDelegate.swift */,
				8A52AA46279550D400234FC8 /* SceneDelegate.swift */,
				8A52AA592796EA7300234FC8 /* RegistrationFactory.swift */,
				488D7AAB279EDC7700D92696 /* Registration Adapters */,
				8A52AA4D279550D800234FC8 /* Assets.xcassets */,
				8A52AA4F279550D800234FC8 /* LaunchScreen.storyboard */,
				8A52AA52279550D800234FC8 /* Info.plist */,
			);
			path = CompositionDemo;
			sourceTree = "<group>";
		};
		8A52AA5B2796EF2800234FC8 /* Frameworks */ = {
			isa = PBXGroup;
			children = (
			);
			name = Frameworks;
			sourceTree = "<group>";
		};
/* End PBXGroup section */

/* Begin PBXNativeTarget section */
		8A52AA40279550D400234FC8 /* CompositionDemo */ = {
			isa = PBXNativeTarget;
			buildConfigurationList = 8A52AA55279550D800234FC8 /* Build configuration list for PBXNativeTarget "CompositionDemo" */;
			buildPhases = (
				8A52AA3D279550D400234FC8 /* Sources */,
				8A52AA3E279550D400234FC8 /* Frameworks */,
				8A52AA3F279550D400234FC8 /* Resources */,
			);
			buildRules = (
			);
			dependencies = (
			);
			name = CompositionDemo;
			packageProductDependencies = (
				8A52AA5C2796EF2800234FC8 /* Core */,
				8A52AA5E2796EF2800234FC8 /* LoginFeature */,
				8A52AA602796EF2800234FC8 /* Networking */,
				8A52AA622796EF2800234FC8 /* Security */,
			);
			productName = CompositionDemo;
			productReference = 8A52AA41279550D400234FC8 /* CompositionDemo.app */;
			productType = "com.apple.product-type.application";
		};
/* End PBXNativeTarget section */

/* Begin PBXProject section */
		8A52AA39279550D400234FC8 /* Project object */ = {
			isa = PBXProject;
			attributes = {
				BuildIndependentTargetsInParallel = 1;
				LastSwiftUpdateCheck = 1300;
				LastUpgradeCheck = 1300;
				TargetAttributes = {
					8A52AA40279550D400234FC8 = {
						CreatedOnToolsVersion = 13.0;
					};
				};
			};
			buildConfigurationList = 8A52AA3C279550D400234FC8 /* Build configuration list for PBXProject "CompositionDemo" */;
			compatibilityVersion = "Xcode 13.0";
			developmentRegion = en;
			hasScannedForEncodings = 0;
			knownRegions = (
				en,
				Base,
			);
			mainGroup = 8A52AA38279550D400234FC8;
			productRefGroup = 8A52AA42279550D400234FC8 /* Products */;
			projectDirPath = "";
			projectRoot = "";
			targets = (
				8A52AA40279550D400234FC8 /* CompositionDemo */,
			);
		};
/* End PBXProject section */

/* Begin PBXResourcesBuildPhase section */
		8A52AA3F279550D400234FC8 /* Resources */ = {
			isa = PBXResourcesBuildPhase;
			buildActionMask = 2147483647;
			files = (
				8A52AA51279550D800234FC8 /* LaunchScreen.storyboard in Resources */,
				8A52AA4E279550D800234FC8 /* Assets.xcassets in Resources */,
			);
			runOnlyForDeploymentPostprocessing = 0;
		};
/* End PBXResourcesBuildPhase section */

/* Begin PBXSourcesBuildPhase section */
		8A52AA3D279550D400234FC8 /* Sources */ = {
			isa = PBXSourcesBuildPhase;
			buildActionMask = 2147483647;
			files = (
				488D7AAD279EDCBF00D92696 /* EmailValidator+RegistrationService.swift in Sources */,
				8A52AA45279550D400234FC8 /* AppDelegate.swift in Sources */,
				8A52AA47279550D400234FC8 /* SceneDelegate.swift in Sources */,
				8A52AA5A2796EA7400234FC8 /* RegistrationFactory.swift in Sources */,
			);
			runOnlyForDeploymentPostprocessing = 0;
		};
/* End PBXSourcesBuildPhase section */

/* Begin PBXVariantGroup section */
		8A52AA4F279550D800234FC8 /* LaunchScreen.storyboard */ = {
			isa = PBXVariantGroup;
			children = (
				8A52AA50279550D800234FC8 /* Base */,
			);
			name = LaunchScreen.storyboard;
			sourceTree = "<group>";
		};
/* End PBXVariantGroup section */

/* Begin XCBuildConfiguration section */
		8A52AA53279550D800234FC8 /* Debug */ = {
			isa = XCBuildConfiguration;
			buildSettings = {
				ALWAYS_SEARCH_USER_PATHS = NO;
				CLANG_ANALYZER_NONNULL = YES;
				CLANG_ANALYZER_NUMBER_OBJECT_CONVERSION = YES_AGGRESSIVE;
				CLANG_CXX_LANGUAGE_STANDARD = "gnu++17";
				CLANG_CXX_LIBRARY = "libc++";
				CLANG_ENABLE_MODULES = YES;
				CLANG_ENABLE_OBJC_ARC = YES;
				CLANG_ENABLE_OBJC_WEAK = YES;
				CLANG_WARN_BLOCK_CAPTURE_AUTORELEASING = YES;
				CLANG_WARN_BOOL_CONVERSION = YES;
				CLANG_WARN_COMMA = YES;
				CLANG_WARN_CONSTANT_CONVERSION = YES;
				CLANG_WARN_DEPRECATED_OBJC_IMPLEMENTATIONS = YES;
				CLANG_WARN_DIRECT_OBJC_ISA_USAGE = YES_ERROR;
				CLANG_WARN_DOCUMENTATION_COMMENTS = YES;
				CLANG_WARN_EMPTY_BODY = YES;
				CLANG_WARN_ENUM_CONVERSION = YES;
				CLANG_WARN_INFINITE_RECURSION = YES;
				CLANG_WARN_INT_CONVERSION = YES;
				CLANG_WARN_NON_LITERAL_NULL_CONVERSION = YES;
				CLANG_WARN_OBJC_IMPLICIT_RETAIN_SELF = YES;
				CLANG_WARN_OBJC_LITERAL_CONVERSION = YES;
				CLANG_WARN_OBJC_ROOT_CLASS = YES_ERROR;
				CLANG_WARN_QUOTED_INCLUDE_IN_FRAMEWORK_HEADER = YES;
				CLANG_WARN_RANGE_LOOP_ANALYSIS = YES;
				CLANG_WARN_STRICT_PROTOTYPES = YES;
				CLANG_WARN_SUSPICIOUS_MOVE = YES;
				CLANG_WARN_UNGUARDED_AVAILABILITY = YES_AGGRESSIVE;
				CLANG_WARN_UNREACHABLE_CODE = YES;
				CLANG_WARN__DUPLICATE_METHOD_MATCH = YES;
				COPY_PHASE_STRIP = NO;
				DEBUG_INFORMATION_FORMAT = dwarf;
				ENABLE_STRICT_OBJC_MSGSEND = YES;
				ENABLE_TESTABILITY = YES;
				GCC_C_LANGUAGE_STANDARD = gnu11;
				GCC_DYNAMIC_NO_PIC = NO;
				GCC_NO_COMMON_BLOCKS = YES;
				GCC_OPTIMIZATION_LEVEL = 0;
				GCC_PREPROCESSOR_DEFINITIONS = (
					"DEBUG=1",
					"$(inherited)",
				);
				GCC_WARN_64_TO_32_BIT_CONVERSION = YES;
				GCC_WARN_ABOUT_RETURN_TYPE = YES_ERROR;
				GCC_WARN_UNDECLARED_SELECTOR = YES;
				GCC_WARN_UNINITIALIZED_AUTOS = YES_AGGRESSIVE;
				GCC_WARN_UNUSED_FUNCTION = YES;
				GCC_WARN_UNUSED_VARIABLE = YES;
				IPHONEOS_DEPLOYMENT_TARGET = 15.0;
				MTL_ENABLE_DEBUG_INFO = INCLUDE_SOURCE;
				MTL_FAST_MATH = YES;
				ONLY_ACTIVE_ARCH = YES;
				SDKROOT = iphoneos;
				SWIFT_ACTIVE_COMPILATION_CONDITIONS = DEBUG;
				SWIFT_OPTIMIZATION_LEVEL = "-Onone";
			};
			name = Debug;
		};
		8A52AA54279550D800234FC8 /* Release */ = {
			isa = XCBuildConfiguration;
			buildSettings = {
				ALWAYS_SEARCH_USER_PATHS = NO;
				CLANG_ANALYZER_NONNULL = YES;
				CLANG_ANALYZER_NUMBER_OBJECT_CONVERSION = YES_AGGRESSIVE;
				CLANG_CXX_LANGUAGE_STANDARD = "gnu++17";
				CLANG_CXX_LIBRARY = "libc++";
				CLANG_ENABLE_MODULES = YES;
				CLANG_ENABLE_OBJC_ARC = YES;
				CLANG_ENABLE_OBJC_WEAK = YES;
				CLANG_WARN_BLOCK_CAPTURE_AUTORELEASING = YES;
				CLANG_WARN_BOOL_CONVERSION = YES;
				CLANG_WARN_COMMA = YES;
				CLANG_WARN_CONSTANT_CONVERSION = YES;
				CLANG_WARN_DEPRECATED_OBJC_IMPLEMENTATIONS = YES;
				CLANG_WARN_DIRECT_OBJC_ISA_USAGE = YES_ERROR;
				CLANG_WARN_DOCUMENTATION_COMMENTS = YES;
				CLANG_WARN_EMPTY_BODY = YES;
				CLANG_WARN_ENUM_CONVERSION = YES;
				CLANG_WARN_INFINITE_RECURSION = YES;
				CLANG_WARN_INT_CONVERSION = YES;
				CLANG_WARN_NON_LITERAL_NULL_CONVERSION = YES;
				CLANG_WARN_OBJC_IMPLICIT_RETAIN_SELF = YES;
				CLANG_WARN_OBJC_LITERAL_CONVERSION = YES;
				CLANG_WARN_OBJC_ROOT_CLASS = YES_ERROR;
				CLANG_WARN_QUOTED_INCLUDE_IN_FRAMEWORK_HEADER = YES;
				CLANG_WARN_RANGE_LOOP_ANALYSIS = YES;
				CLANG_WARN_STRICT_PROTOTYPES = YES;
				CLANG_WARN_SUSPICIOUS_MOVE = YES;
				CLANG_WARN_UNGUARDED_AVAILABILITY = YES_AGGRESSIVE;
				CLANG_WARN_UNREACHABLE_CODE = YES;
				CLANG_WARN__DUPLICATE_METHOD_MATCH = YES;
				COPY_PHASE_STRIP = NO;
				DEBUG_INFORMATION_FORMAT = "dwarf-with-dsym";
				ENABLE_NS_ASSERTIONS = NO;
				ENABLE_STRICT_OBJC_MSGSEND = YES;
				GCC_C_LANGUAGE_STANDARD = gnu11;
				GCC_NO_COMMON_BLOCKS = YES;
				GCC_WARN_64_TO_32_BIT_CONVERSION = YES;
				GCC_WARN_ABOUT_RETURN_TYPE = YES_ERROR;
				GCC_WARN_UNDECLARED_SELECTOR = YES;
				GCC_WARN_UNINITIALIZED_AUTOS = YES_AGGRESSIVE;
				GCC_WARN_UNUSED_FUNCTION = YES;
				GCC_WARN_UNUSED_VARIABLE = YES;
				IPHONEOS_DEPLOYMENT_TARGET = 15.0;
				MTL_ENABLE_DEBUG_INFO = NO;
				MTL_FAST_MATH = YES;
				SDKROOT = iphoneos;
				SWIFT_COMPILATION_MODE = wholemodule;
				SWIFT_OPTIMIZATION_LEVEL = "-O";
				VALIDATE_PRODUCT = YES;
			};
			name = Release;
		};
		8A52AA56279550D800234FC8 /* Debug */ = {
			isa = XCBuildConfiguration;
			buildSettings = {
				ASSETCATALOG_COMPILER_APPICON_NAME = AppIcon;
				ASSETCATALOG_COMPILER_GLOBAL_ACCENT_COLOR_NAME = AccentColor;
				CODE_SIGN_STYLE = Automatic;
				CURRENT_PROJECT_VERSION = 1;
				GENERATE_INFOPLIST_FILE = YES;
				INFOPLIST_FILE = CompositionDemo/Info.plist;
				INFOPLIST_KEY_UIApplicationSupportsIndirectInputEvents = YES;
				INFOPLIST_KEY_UILaunchStoryboardName = LaunchScreen;
				INFOPLIST_KEY_UISupportedInterfaceOrientations_iPad = "UIInterfaceOrientationPortrait UIInterfaceOrientationPortraitUpsideDown UIInterfaceOrientationLandscapeLeft UIInterfaceOrientationLandscapeRight";
				INFOPLIST_KEY_UISupportedInterfaceOrientations_iPhone = "UIInterfaceOrientationPortrait UIInterfaceOrientationLandscapeLeft UIInterfaceOrientationLandscapeRight";
				LD_RUNPATH_SEARCH_PATHS = (
					"$(inherited)",
					"@executable_path/Frameworks",
				);
				MARKETING_VERSION = 1.0;
				PRODUCT_BUNDLE_IDENTIFIER = com.jiriurbasek.CompositionDemo;
				PRODUCT_NAME = "$(TARGET_NAME)";
				SWIFT_EMIT_LOC_STRINGS = YES;
				SWIFT_VERSION = 5.0;
				TARGETED_DEVICE_FAMILY = "1,2";
			};
			name = Debug;
		};
		8A52AA57279550D800234FC8 /* Release */ = {
			isa = XCBuildConfiguration;
			buildSettings = {
				ASSETCATALOG_COMPILER_APPICON_NAME = AppIcon;
				ASSETCATALOG_COMPILER_GLOBAL_ACCENT_COLOR_NAME = AccentColor;
				CODE_SIGN_STYLE = Automatic;
				CURRENT_PROJECT_VERSION = 1;
				GENERATE_INFOPLIST_FILE = YES;
				INFOPLIST_FILE = CompositionDemo/Info.plist;
				INFOPLIST_KEY_UIApplicationSupportsIndirectInputEvents = YES;
				INFOPLIST_KEY_UILaunchStoryboardName = LaunchScreen;
				INFOPLIST_KEY_UISupportedInterfaceOrientations_iPad = "UIInterfaceOrientationPortrait UIInterfaceOrientationPortraitUpsideDown UIInterfaceOrientationLandscapeLeft UIInterfaceOrientationLandscapeRight";
				INFOPLIST_KEY_UISupportedInterfaceOrientations_iPhone = "UIInterfaceOrientationPortrait UIInterfaceOrientationLandscapeLeft UIInterfaceOrientationLandscapeRight";
				LD_RUNPATH_SEARCH_PATHS = (
					"$(inherited)",
					"@executable_path/Frameworks",
				);
				MARKETING_VERSION = 1.0;
				PRODUCT_BUNDLE_IDENTIFIER = com.jiriurbasek.CompositionDemo;
				PRODUCT_NAME = "$(TARGET_NAME)";
				SWIFT_EMIT_LOC_STRINGS = YES;
				SWIFT_VERSION = 5.0;
				TARGETED_DEVICE_FAMILY = "1,2";
			};
			name = Release;
		};
/* End XCBuildConfiguration section */

/* Begin XCConfigurationList section */
		8A52AA3C279550D400234FC8 /* Build configuration list for PBXProject "CompositionDemo" */ = {
			isa = XCConfigurationList;
			buildConfigurations = (
				8A52AA53279550D800234FC8 /* Debug */,
				8A52AA54279550D800234FC8 /* Release */,
			);
			defaultConfigurationIsVisible = 0;
			defaultConfigurationName = Release;
		};
		8A52AA55279550D800234FC8 /* Build configuration list for PBXNativeTarget "CompositionDemo" */ = {
			isa = XCConfigurationList;
			buildConfigurations = (
				8A52AA56279550D800234FC8 /* Debug */,
				8A52AA57279550D800234FC8 /* Release */,
			);
			defaultConfigurationIsVisible = 0;
			defaultConfigurationName = Release;
		};
/* End XCConfigurationList section */

/* Begin XCSwiftPackageProductDependency section */
		8A52AA5C2796EF2800234FC8 /* Core */ = {
			isa = XCSwiftPackageProductDependency;
			productName = Core;
		};
		8A52AA5E2796EF2800234FC8 /* LoginFeature */ = {
			isa = XCSwiftPackageProductDependency;
			productName = LoginFeature;
		};
		8A52AA602796EF2800234FC8 /* Networking */ = {
			isa = XCSwiftPackageProductDependency;
			productName = Networking;
		};
		8A52AA622796EF2800234FC8 /* Security */ = {
			isa = XCSwiftPackageProductDependency;
			productName = Security;
		};
/* End XCSwiftPackageProductDependency section */
	};
	rootObject = 8A52AA39279550D400234FC8 /* Project object */;
}
